
Microsoft Visual Studio Solution File, Format Version 12.00
# Visual Studio Version 17
VisualStudioVersion = 17.3.32922.545
MinimumVisualStudioVersion = 10.0.40219.1
Project("{FAE04EC0-301F-11D3-BF4B-00C04F79EFBC}") = "Nashry", "Nashry\Nashry.csproj", "{FA9CFE6B-809C-42C8-802D-65745F927408}"
EndProject
Global
	GlobalSection(SolutionConfigurationPlatforms) = preSolution
		Debug|Any CPU = Debug|Any CPU
		Release|Any CPU = Release|Any CPU
	EndGlobalSection
	GlobalSection(ProjectConfigurationPlatforms) = postSolution
		{FA9CFE6B-809C-42C8-802D-65745F927408}.Debug|Any CPU.ActiveCfg = Debug|Any CPU
		{FA9CFE6B-809C-42C8-802D-65745F927408}.Debug|Any CPU.Build.0 = Debug|Any CPU
		{FA9CFE6B-809C-42C8-802D-65745F927408}.Release|Any CPU.ActiveCfg = Release|Any CPU
		{FA9CFE6B-809C-42C8-802D-65745F927408}.Release|Any CPU.Build.0 = Release|Any CPU
	EndGlobalSection
	GlobalSection(SolutionProperties) = preSolution
		HideSolutionNode = FALSE
	EndGlobalSection
	GlobalSection(ExtensibilityGlobals) = postSolution
		SolutionGuid = {135BDECD-938F-4CEE-BDB9-7FAF892C8FCB}
	EndGlobalSection
EndGlobal
